
Microsoft Visual Studio Solution File, Format Version 12.00
# Visual Studio Version 17
VisualStudioVersion = 17.0.32014.148
MinimumVisualStudioVersion = 10.0.40219.1
Project("{9A19103F-16F7-4668-BE54-9A1E7A4F7556}") = "Launsys.Winforms", "Launsys.Winforms\Launsys.Winforms.csproj", "{6699B6A9-F313-47BF-95BA-0B545D5D175F}"
EndProject
Project("{FAE04EC0-301F-11D3-BF4B-00C04F79EFBC}") = "Launsys.Data", "Launsys.Data\Launsys.Data.csproj", "{2CCDCE6F-A755-434E-ADE9-44E91A225DEE}"
EndProject
Project("{FAE04EC0-301F-11D3-BF4B-00C04F79EFBC}") = "Launsys.Business", "Launsys.Business\Launsys.Business.csproj", "{D3B61339-D1E5-4241-A581-F1A77B790D8B}"
EndProject
Project("{FAE04EC0-301F-11D3-BF4B-00C04F79EFBC}") = "Launsys.Entity", "Launsys.Entity\Launsys.Entity.csproj", "{307D0CBF-BDFC-4CFC-B113-9D24B8FD227B}"
EndProject
Project("{FAE04EC0-301F-11D3-BF4B-00C04F79EFBC}") = "Launsys.Framework", "Launsys.Framework\Launsys.Framework.csproj", "{ADE794B2-F962-4CA7-B6AF-3AE213C9EFBB}"
EndProject
Global
	GlobalSection(SolutionConfigurationPlatforms) = preSolution
		Debug|Any CPU = Debug|Any CPU
		Release|Any CPU = Release|Any CPU
	EndGlobalSection
	GlobalSection(ProjectConfigurationPlatforms) = postSolution
		{6699B6A9-F313-47BF-95BA-0B545D5D175F}.Debug|Any CPU.ActiveCfg = Debug|Any CPU
		{6699B6A9-F313-47BF-95BA-0B545D5D175F}.Debug|Any CPU.Build.0 = Debug|Any CPU
		{6699B6A9-F313-47BF-95BA-0B545D5D175F}.Release|Any CPU.ActiveCfg = Release|Any CPU
		{6699B6A9-F313-47BF-95BA-0B545D5D175F}.Release|Any CPU.Build.0 = Release|Any CPU
		{2CCDCE6F-A755-434E-ADE9-44E91A225DEE}.Debug|Any CPU.ActiveCfg = Debug|Any CPU
		{2CCDCE6F-A755-434E-ADE9-44E91A225DEE}.Debug|Any CPU.Build.0 = Debug|Any CPU
		{2CCDCE6F-A755-434E-ADE9-44E91A225DEE}.Release|Any CPU.ActiveCfg = Release|Any CPU
		{2CCDCE6F-A755-434E-ADE9-44E91A225DEE}.Release|Any CPU.Build.0 = Release|Any CPU
		{D3B61339-D1E5-4241-A581-F1A77B790D8B}.Debug|Any CPU.ActiveCfg = Debug|Any CPU
		{D3B61339-D1E5-4241-A581-F1A77B790D8B}.Debug|Any CPU.Build.0 = Debug|Any CPU
		{D3B61339-D1E5-4241-A581-F1A77B790D8B}.Release|Any CPU.ActiveCfg = Release|Any CPU
		{D3B61339-D1E5-4241-A581-F1A77B790D8B}.Release|Any CPU.Build.0 = Release|Any CPU
		{307D0CBF-BDFC-4CFC-B113-9D24B8FD227B}.Debug|Any CPU.ActiveCfg = Debug|Any CPU
		{307D0CBF-BDFC-4CFC-B113-9D24B8FD227B}.Debug|Any CPU.Build.0 = Debug|Any CPU
		{307D0CBF-BDFC-4CFC-B113-9D24B8FD227B}.Release|Any CPU.ActiveCfg = Release|Any CPU
		{307D0CBF-BDFC-4CFC-B113-9D24B8FD227B}.Release|Any CPU.Build.0 = Release|Any CPU
		{ADE794B2-F962-4CA7-B6AF-3AE213C9EFBB}.Debug|Any CPU.ActiveCfg = Debug|Any CPU
		{ADE794B2-F962-4CA7-B6AF-3AE213C9EFBB}.Debug|Any CPU.Build.0 = Debug|Any CPU
		{ADE794B2-F962-4CA7-B6AF-3AE213C9EFBB}.Release|Any CPU.ActiveCfg = Release|Any CPU
		{ADE794B2-F962-4CA7-B6AF-3AE213C9EFBB}.Release|Any CPU.Build.0 = Release|Any CPU
	EndGlobalSection
	GlobalSection(SolutionProperties) = preSolution
		HideSolutionNode = FALSE
	EndGlobalSection
	GlobalSection(ExtensibilityGlobals) = postSolution
		SolutionGuid = {64829A43-1776-432D-BA8D-92F8DD834394}
	EndGlobalSection
EndGlobal
